
Microsoft Visual Studio Solution File, Format Version 12.00
# Visual Studio Version 16
VisualStudioVersion = 16.0.29613.14
MinimumVisualStudioVersion = 10.0.40219.1
Project("{9A19103F-16F7-4668-BE54-9A1E7A4F7556}") = "LeonCam2", "LeonCam2\LeonCam2.csproj", "{382373D2-64CD-42D5-ADDA-D003914153BC}"
EndProject
Project("{FAE04EC0-301F-11D3-BF4B-00C04F79EFBC}") = "LeonCam2.Tests", "LeonCam2.Tests\LeonCam2.Tests.csproj", "{266AAB5B-A50F-4B06-BD32-5C8081FB7E7E}"
EndProject
Global
	GlobalSection(SolutionConfigurationPlatforms) = preSolution
		Debug|Any CPU = Debug|Any CPU
		Release|Any CPU = Release|Any CPU
	EndGlobalSection
	GlobalSection(ProjectConfigurationPlatforms) = postSolution
		{382373D2-64CD-42D5-ADDA-D003914153BC}.Debug|Any CPU.ActiveCfg = Debug|Any CPU
		{382373D2-64CD-42D5-ADDA-D003914153BC}.Debug|Any CPU.Build.0 = Debug|Any CPU
		{382373D2-64CD-42D5-ADDA-D003914153BC}.Release|Any CPU.ActiveCfg = Release|Any CPU
		{382373D2-64CD-42D5-ADDA-D003914153BC}.Release|Any CPU.Build.0 = Release|Any CPU
		{266AAB5B-A50F-4B06-BD32-5C8081FB7E7E}.Debug|Any CPU.ActiveCfg = Debug|Any CPU
		{266AAB5B-A50F-4B06-BD32-5C8081FB7E7E}.Debug|Any CPU.Build.0 = Debug|Any CPU
		{266AAB5B-A50F-4B06-BD32-5C8081FB7E7E}.Release|Any CPU.ActiveCfg = Release|Any CPU
		{266AAB5B-A50F-4B06-BD32-5C8081FB7E7E}.Release|Any CPU.Build.0 = Release|Any CPU
	EndGlobalSection
	GlobalSection(SolutionProperties) = preSolution
		HideSolutionNode = FALSE
	EndGlobalSection
	GlobalSection(ExtensibilityGlobals) = postSolution
		SolutionGuid = {20DF63ED-8B12-4928-ADE0-343C1C3EC3C9}
	EndGlobalSection
EndGlobal
